<?xml version="1.0" encoding="utf-8"?>
<Project ToolsVersion="4.0" xmlns="http://schemas.microsoft.com/developer/msbuild/2003">
  <ItemGroup>
    <Filter Include="Source Files">
      <UniqueIdentifier>{4FC737F1-C7A5-4376-A066-2A32D752A2FF}</UniqueIdentifier>
      <Extensions>cpp;c;cc;cxx;c++;cppm;ixx;def;odl;idl;hpj;bat;asm;asmx</Extensions>
    </Filter>
    <Filter Include="Header Files">
      <UniqueIdentifier>{93995380-89BD-4b04-88EB-625FBE52EBFB}</UniqueIdentifier>
      <Extensions>h;hh;hpp;hxx;h++;hm;inl;inc;ipp;xsd</Extensions>
    </Filter>
    <Filter Include="Resource Files">
      <UniqueIdentifier>{67DA6AB6-F800-4c08-8B7A-83BB121AAD01}</UniqueIdentifier>
      <Extensions>rc;ico;cur;bmp;dlg;rc2;rct;bin;rgs;gif;jpg;jpeg;jpe;resx;tiff;tif;png;wav;mfcribbon-ms</Extensions>
    </Filter>
  </ItemGroup>
  <ItemGroup>
    <ClCompile Include="dependencias\Camera.cpp">
      <Filter>Resource Files</Filter>
    </ClCompile>
    <ClCompile Include="dependencias\DirectionalLight.cpp">
      <Filter>Resource Files</Filter>
    </ClCompile>
    <ClCompile Include="dependencias\Light.cpp">
      <Filter>Resource Files</Filter>
    </ClCompile>
    <ClCompile Include="dependencias\Material.cpp">
      <Filter>Resource Files</Filter>
    </ClCompile>
    <ClCompile Include="dependencias\Mesh_tn.cpp">
      <Filter>Resource Files</Filter>
    </ClCompile>
    <ClCompile Include="dependencias\Model.cpp">
      <Filter>Resource Files</Filter>
    </ClCompile>
    <ClCompile Include="dependencias\PointLight.cpp">
      <Filter>Resource Files</Filter>
    </ClCompile>
    <ClCompile Include="dependencias\Shader_light.cpp">
      <Filter>Resource Files</Filter>
    </ClCompile>
    <ClCompile Include="main.cpp">
      <Filter>Resource Files</Filter>
    </ClCompile>
    <ClCompile Include="dependencias\Skybox.cpp">
      <Filter>Resource Files</Filter>
    </ClCompile>
    <ClCompile Include="dependencias\SpotLight.cpp">
      <Filter>Resource Files</Filter>
    </ClCompile>
    <ClCompile Include="dependencias\Texture.cpp">
      <Filter>Resource Files</Filter>
    </ClCompile>
    <ClCompile Include="dependencias\Window.cpp">
      <Filter>Resource Files</Filter>
    </ClCompile>
    <ClCompile Include="Integrantes\Isra\vias_tren.cpp">
      <Filter>Resource Files</Filter>
    </ClCompile>
    <ClCompile Include="Integrantes\Isra\torreforerunner.cpp">
      <Filter>Resource Files</Filter>
    </ClCompile>
    <ClCompile Include="Integrantes\Isra\estacion_tren.cpp">
      <Filter>Resource Files</Filter>
    </ClCompile>
    <ClCompile Include="Integrantes\Isra\elite.cpp">
      <Filter>Resource Files</Filter>
    </ClCompile>
    <ClCompile Include="Integrantes\Isra\grunt.cpp">
      <Filter>Resource Files</Filter>
    </ClCompile>
    <ClCompile Include="Integrantes\Isra\maquina_vapor.cpp">
      <Filter>Resource Files</Filter>
    </ClCompile>
    <ClCompile Include="Integrantes\Isra\faro.cpp">
      <Filter>Resource Files</Filter>
    </ClCompile>
    <ClCompile Include="Integrantes\Isra\gato_gigante.cpp">
      <Filter>Resource Files</Filter>
    </ClCompile>
    <ClCompile Include="Integrantes\Isra\big_raven.cpp">
      <Filter>Resource Files</Filter>
    </ClCompile>
    <ClCompile Include="Integrantes\Isra\animacion_KF.cpp">
      <Filter>Source Files</Filter>
    </ClCompile>
    <ClCompile Include="Integrantes\Isra\animKFcamara.cpp">
      <Filter>Source Files</Filter>
    </ClCompile>
    <ClCompile Include="Integrantes\Isra\camara_position.cpp">
      <Filter>Source Files</Filter>
    </ClCompile>
    <ClCompile Include="Integrantes\Isra\halo_pelican.cpp">
      <Filter>Source Files</Filter>
    </ClCompile>
    <ClCompile Include="Integrantes\Isra\tren.cpp">
      <Filter>Source Files</Filter>
    </ClCompile>
    <ClCompile Include="Integrantes\Andrea\cage_ballora.cpp">
      <Filter>Resource Files</Filter>
    </ClCompile>
    <ClCompile Include="Integrantes\Andrea\cage_freddy.cpp">
      <Filter>Resource Files</Filter>
    </ClCompile>
    <ClCompile Include="Integrantes\Andrea\escenario.cpp">
      <Filter>Resource Files</Filter>
    </ClCompile>
    <ClCompile Include="Integrantes\Andrea\farola.cpp">
      <Filter>Resource Files</Filter>
    </ClCompile>
    <ClCompile Include="Integrantes\Andrea\funtime_foxy.cpp">
      <Filter>Resource Files</Filter>
    </ClCompile>
    <ClCompile Include="Integrantes\Andrea\sala_monitores.cpp">
      <Filter>Resource Files</Filter>
    </ClCompile>
    <ClCompile Include="Integrantes\Andrea\speakers.cpp">
      <Filter>Resource Files</Filter>
    </ClCompile>
    <ClCompile Include="Integrantes\Andrea\arbol1.cpp">
      <Filter>Source Files</Filter>
    </ClCompile>
    <ClCompile Include="Integrantes\Andrea\entrada.cpp">
      <Filter>Source Files</Filter>
    </ClCompile>
    <ClCompile Include="Integrantes\Isra\KF_por_codigo.cpp">
      <Filter>Source Files</Filter>
    </ClCompile>
    <ClCompile Include="Integrantes\Isra\keyframes_main.cpp">
      <Filter>Resource Files</Filter>
    </ClCompile>
    <ClCompile Include="Integrantes\Andrea\farolas.cpp">
      <Filter>Resource Files</Filter>
    </ClCompile>
  </ItemGroup>
  <ItemGroup>
    <ClInclude Include="dependencias\Camera.h">
      <Filter>Header Files</Filter>
    </ClInclude>
    <ClInclude Include="dependencias\CommonValues.h">
      <Filter>Header Files</Filter>
    </ClInclude>
    <ClInclude Include="dependencias\definition.h">
      <Filter>Header Files</Filter>
    </ClInclude>
    <ClInclude Include="dependencias\DirectionalLight.h">
      <Filter>Header Files</Filter>
    </ClInclude>
    <ClInclude Include="dependencias\Light.h">
      <Filter>Header Files</Filter>
    </ClInclude>
    <ClInclude Include="dependencias\Material.h">
      <Filter>Header Files</Filter>
    </ClInclude>
    <ClInclude Include="dependencias\Mesh.h">
      <Filter>Header Files</Filter>
    </ClInclude>
    <ClInclude Include="dependencias\Model.h">
      <Filter>Header Files</Filter>
    </ClInclude>
    <ClInclude Include="dependencias\PointLight.h">
      <Filter>Header Files</Filter>
    </ClInclude>
    <ClInclude Include="dependencias\Shader_light.h">
      <Filter>Header Files</Filter>
    </ClInclude>
    <ClInclude Include="dependencias\SpotLight.h">
      <Filter>Header Files</Filter>
    </ClInclude>
    <ClInclude Include="dependencias\Window.h">
      <Filter>Header Files</Filter>
    </ClInclude>
    <ClInclude Include="Integrantes\Isra\animacion_KF.h">
      <Filter>Header Files</Filter>
    </ClInclude>
    <ClInclude Include="Integrantes\Isra\animKFcamara.h">
      <Filter>Header Files</Filter>
    </ClInclude>
    <ClInclude Include="Integrantes\Isra\big_raven.h">
      <Filter>Header Files</Filter>
    </ClInclude>
    <ClInclude Include="Integrantes\Isra\camara_position.h">
      <Filter>Header Files</Filter>
    </ClInclude>
    <ClInclude Include="Integrantes\Isra\elite.h">
      <Filter>Header Files</Filter>
    </ClInclude>
    <ClInclude Include="Integrantes\Isra\estacion_tren.h">
      <Filter>Header Files</Filter>
    </ClInclude>
    <ClInclude Include="Integrantes\Isra\faro.h">
      <Filter>Header Files</Filter>
    </ClInclude>
    <ClInclude Include="Integrantes\Isra\gato_gigante.h">
      <Filter>Header Files</Filter>
    </ClInclude>
    <ClInclude Include="Integrantes\Isra\grunt.h">
      <Filter>Header Files</Filter>
    </ClInclude>
    <ClInclude Include="Integrantes\Isra\halo_pelican.h">
      <Filter>Header Files</Filter>
    </ClInclude>
    <ClInclude Include="Integrantes\Isra\maquina_vapor.h">
      <Filter>Header Files</Filter>
    </ClInclude>
    <ClInclude Include="Integrantes\Isra\torreforerunner.h">
      <Filter>Header Files</Filter>
    </ClInclude>
    <ClInclude Include="Integrantes\Isra\tren.h">
      <Filter>Header Files</Filter>
    </ClInclude>
    <ClInclude Include="Integrantes\Isra\vias_tren.h">
      <Filter>Header Files</Filter>
    </ClInclude>
    <ClInclude Include="Integrantes\Andrea\arbol1.h">
      <Filter>Header Files</Filter>
    </ClInclude>
    <ClInclude Include="Integrantes\Andrea\cage_ballora.h">
      <Filter>Header Files</Filter>
    </ClInclude>
    <ClInclude Include="Integrantes\Andrea\cage_freddy.h">
      <Filter>Header Files</Filter>
    </ClInclude>
    <ClInclude Include="Integrantes\Andrea\entrada.h">
      <Filter>Header Files</Filter>
    </ClInclude>
    <ClInclude Include="Integrantes\Andrea\escenario.h">
      <Filter>Header Files</Filter>
    </ClInclude>
    <ClInclude Include="Integrantes\Andrea\farola.h">
      <Filter>Header Files</Filter>
    </ClInclude>
    <ClInclude Include="Integrantes\Andrea\funtime_foxy.h">
      <Filter>Header Files</Filter>
    </ClInclude>
    <ClInclude Include="Integrantes\Andrea\sala_monitores.h">
      <Filter>Header Files</Filter>
    </ClInclude>
    <ClInclude Include="Integrantes\Andrea\speakers.h">
      <Filter>Header Files</Filter>
    </ClInclude>
  </ItemGroup>
  <ItemGroup>
    <None Include="Integrantes\Isra\pelican_halo_code.kf" />
  </ItemGroup>
</Project>