<?xml version="1.0" encoding="utf-8"?>
<Project ToolsVersion="4.0" xmlns="http://schemas.microsoft.com/developer/msbuild/2003">
  <ItemGroup>
    <Filter Include="Source Files">
      <UniqueIdentifier>{4FC737F1-C7A5-4376-A066-2A32D752A2FF}</UniqueIdentifier>
      <Extensions>cpp;c;cc;cxx;c++;cppm;ixx;def;odl;idl;hpj;bat;asm;asmx</Extensions>
    </Filter>
    <Filter Include="Header Files">
      <UniqueIdentifier>{93995380-89BD-4b04-88EB-625FBE52EBFB}</UniqueIdentifier>
      <Extensions>h;hh;hpp;hxx;h++;hm;inl;inc;ipp;xsd</Extensions>
    </Filter>
    <Filter Include="Resource Files">
      <UniqueIdentifier>{67DA6AB6-F800-4c08-8B7A-83BB121AAD01}</UniqueIdentifier>
      <Extensions>rc;ico;cur;bmp;dlg;rc2;rct;bin;rgs;gif;jpg;jpeg;jpe;resx;tiff;tif;png;wav;mfcribbon-ms</Extensions>
    </Filter>
  </ItemGroup>
  <ItemGroup>
    <ClCompile Include="dependencias\Camera.cpp">
      <Filter>Resource Files</Filter>
    </ClCompile>
    <ClCompile Include="dependencias\DirectionalLight.cpp">
      <Filter>Resource Files</Filter>
    </ClCompile>
    <ClCompile Include="dependencias\Light.cpp">
      <Filter>Resource Files</Filter>
    </ClCompile>
    <ClCompile Include="dependencias\Material.cpp">
      <Filter>Resource Files</Filter>
    </ClCompile>
    <ClCompile Include="dependencias\Mesh_tn.cpp">
      <Filter>Resource Files</Filter>
    </ClCompile>
    <ClCompile Include="dependencias\Model.cpp">
      <Filter>Resource Files</Filter>
    </ClCompile>
    <ClCompile Include="dependencias\PointLight.cpp">
      <Filter>Resource Files</Filter>
    </ClCompile>
    <ClCompile Include="dependencias\Shader_light.cpp">
      <Filter>Resource Files</Filter>
    </ClCompile>
    <ClCompile Include="main.cpp">
      <Filter>Resource Files</Filter>
    </ClCompile>
    <ClCompile Include="dependencias\Skybox.cpp">
      <Filter>Resource Files</Filter>
    </ClCompile>
    <ClCompile Include="dependencias\SpotLight.cpp">
      <Filter>Resource Files</Filter>
    </ClCompile>
    <ClCompile Include="dependencias\Texture.cpp">
      <Filter>Resource Files</Filter>
    </ClCompile>
    <ClCompile Include="dependencias\Window.cpp">
      <Filter>Resource Files</Filter>
    </ClCompile>
    <ClCompile Include="Integrantes\Isra\halo.cpp">
      <Filter>Resource Files</Filter>
    </ClCompile>
    <ClCompile Include="Integrantes\Isra\vias_tren.cpp">
      <Filter>Resource Files</Filter>
    </ClCompile>
  </ItemGroup>
  <ItemGroup>
    <ClInclude Include="dependencias\Camera.h">
      <Filter>Header Files</Filter>
    </ClInclude>
    <ClInclude Include="dependencias\CommonValues.h">
      <Filter>Header Files</Filter>
    </ClInclude>
    <ClInclude Include="dependencias\definition.h">
      <Filter>Header Files</Filter>
    </ClInclude>
    <ClInclude Include="dependencias\DirectionalLight.h">
      <Filter>Header Files</Filter>
    </ClInclude>
    <ClInclude Include="dependencias\Light.h">
      <Filter>Header Files</Filter>
    </ClInclude>
    <ClInclude Include="dependencias\Material.h">
      <Filter>Header Files</Filter>
    </ClInclude>
    <ClInclude Include="dependencias\Mesh.h">
      <Filter>Header Files</Filter>
    </ClInclude>
    <ClInclude Include="dependencias\Model.h">
      <Filter>Header Files</Filter>
    </ClInclude>
    <ClInclude Include="dependencias\PointLight.h">
      <Filter>Header Files</Filter>
    </ClInclude>
    <ClInclude Include="dependencias\Shader_light.h">
      <Filter>Header Files</Filter>
    </ClInclude>
    <ClInclude Include="dependencias\SpotLight.h">
      <Filter>Header Files</Filter>
    </ClInclude>
    <ClInclude Include="dependencias\Window.h">
      <Filter>Header Files</Filter>
    </ClInclude>
  </ItemGroup>
</Project>